{
  "nodes": {
    "flake-utils": {
      "inputs": {
        "systems": "systems"
      },
      "locked": {
        "lastModified": 1731533236,
        "narHash": "sha256-l0KFg5HjrsfsO/JpG+r7fRrqm12kzFHyUHqHCVpMMbI=",
        "owner": "numtide",
        "repo": "flake-utils",
        "rev": "11707dc2f618dd54ca8739b309ec4fc024de578b",
        "type": "github"
      },
      "original": {
        "owner": "numtide",
        "repo": "flake-utils",
        "type": "github"
      }
    },
    "nix-develop-gha": {
      "inputs": {
        "nixpkgs": [
          "nixpkgs"
        ]
      },
      "locked": {
        "lastModified": 1740956892,
        "narHash": "sha256-9MhGx2h0/iE2xF9SOw4QaQNfSM0KXvkUBNJZ5NYLb1I=",
        "owner": "nicknovitski",
        "repo": "nix-develop",
        "rev": "5da6ac475f1ffbcf54ee562fa3056646e146be95",
        "type": "github"
      },
      "original": {
        "owner": "nicknovitski",
        "repo": "nix-develop",
        "type": "github"
      }
    },
    "nixpkgs": {
      "locked": {
        "lastModified": 1738086784,
        "narHash": "sha256-S55TBVValODQ3jb3g0IE+KQuWqpINoo5gdJ3yhRbuP4=",
        "owner": "JakeHillion",
        "repo": "nixpkgs",
        "rev": "c1613ab9aa510bd571ba01a1e74a41496327d545",
        "type": "github"
      },
      "original": {
        "owner": "JakeHillion",
        "ref": "virtme-ng",
        "repo": "nixpkgs",
        "type": "github"
      }
    },
    "root": {
      "inputs": {
        "flake-utils": "flake-utils",
        "nix-develop-gha": "nix-develop-gha",
        "nixpkgs": "nixpkgs"
      }
    },
    "systems": {
      "locked": {
        "lastModified": 1681028828,
        "narHash": "sha256-Vy1rq5AaRuLzOxct8nz4T6wlgyUR7zLU309k9mBC768=",
        "owner": "nix-systems",
        "repo": "default",
        "rev": "da67096a3b9bf56a91d16901293e51ba5b49a27e",
        "type": "github"
      },
      "original": {
        "owner": "nix-systems",
        "repo": "default",
        "type": "github"
      }
    }
  },
  "root": "root",
  "version": 7
}
