{
  "nodes": {
    "fenix": {
      "inputs": {
        "nixpkgs": [
          "nixpkgs"
        ],
        "rust-analyzer-src": "rust-analyzer-src"
      },
      "locked": {
        "lastModified": 1752734526,
        "narHash": "sha256-OIg7NwrqyYJVpXJdDgaagIzM0dtc4GghdncUrUsCgT8=",
        "owner": "nix-community",
        "repo": "fenix",
        "rev": "f1526533e3a59a666dbae99594c9d29b201f302d",
        "type": "github"
      },
      "original": {
        "owner": "nix-community",
        "repo": "fenix",
        "type": "github"
      }
    },
    "flake-utils": {
      "inputs": {
        "systems": "systems"
      },
      "locked": {
        "lastModified": 1731533236,
        "narHash": "sha256-l0KFg5HjrsfsO/JpG+r7fRrqm12kzFHyUHqHCVpMMbI=",
        "owner": "numtide",
        "repo": "flake-utils",
        "rev": "11707dc2f618dd54ca8739b309ec4fc024de578b",
        "type": "github"
      },
      "original": {
        "owner": "numtide",
        "repo": "flake-utils",
        "type": "github"
      }
    },
    "libbpf-src": {
      "flake": false,
      "locked": {
        "lastModified": 1752884596,
        "narHash": "sha256-atjH2mL5PreCPj+VcJ//U9bdv4gAd57VU60KhbS7IqE=",
        "owner": "libbpf",
        "repo": "libbpf",
        "rev": "58dd1f58b57294b2e59482245b29e46f1812b82d",
        "type": "github"
      },
      "original": {
        "owner": "libbpf",
        "repo": "libbpf",
        "type": "github"
      }
    },
    "nix-develop-gha": {
      "inputs": {
        "nixpkgs": [
          "nixpkgs"
        ]
      },
      "locked": {
        "lastModified": 1740956892,
        "narHash": "sha256-9MhGx2h0/iE2xF9SOw4QaQNfSM0KXvkUBNJZ5NYLb1I=",
        "owner": "nicknovitski",
        "repo": "nix-develop",
        "rev": "5da6ac475f1ffbcf54ee562fa3056646e146be95",
        "type": "github"
      },
      "original": {
        "owner": "nicknovitski",
        "repo": "nix-develop",
        "type": "github"
      }
    },
    "nixpkgs": {
      "locked": {
        "lastModified": 1751910901,
        "narHash": "sha256-JUEAv/qiJTAn5icliTXNyrGDexdUE/M6EwW4+j/6/KU=",
        "owner": "JakeHillion",
        "repo": "nixpkgs",
        "rev": "9820667feae3e831a112a13a0a18c3bd8d03f696",
        "type": "github"
      },
      "original": {
        "owner": "JakeHillion",
        "ref": "virtme-ng",
        "repo": "nixpkgs",
        "type": "github"
      }
    },
    "root": {
      "inputs": {
        "fenix": "fenix",
        "flake-utils": "flake-utils",
        "libbpf-src": "libbpf-src",
        "nix-develop-gha": "nix-develop-gha",
        "nixpkgs": "nixpkgs",
        "veristat-src": "veristat-src"
      }
    },
    "rust-analyzer-src": {
      "flake": false,
      "locked": {
        "lastModified": 1752687976,
        "narHash": "sha256-juLg/AlXwda5fwewOJq42Q5T49wU131glK55BzKyhvU=",
        "owner": "rust-lang",
        "repo": "rust-analyzer",
        "rev": "152087654552a79f85e588da0a8de905436e62d8",
        "type": "github"
      },
      "original": {
        "owner": "rust-lang",
        "ref": "nightly",
        "repo": "rust-analyzer",
        "type": "github"
      }
    },
    "systems": {
      "locked": {
        "lastModified": 1681028828,
        "narHash": "sha256-Vy1rq5AaRuLzOxct8nz4T6wlgyUR7zLU309k9mBC768=",
        "owner": "nix-systems",
        "repo": "default",
        "rev": "da67096a3b9bf56a91d16901293e51ba5b49a27e",
        "type": "github"
      },
      "original": {
        "owner": "nix-systems",
        "repo": "default",
        "type": "github"
      }
    },
    "veristat-src": {
      "flake": false,
      "locked": {
        "lastModified": 1751555249,
        "narHash": "sha256-7NbKM9GA2N2CZGXZKllh00bqWGKb8+ftG/lGG/JNPng=",
        "owner": "libbpf",
        "repo": "veristat",
        "rev": "1b386f2cd5d798bc74dba1af5208f5273aba2b9d",
        "type": "github"
      },
      "original": {
        "owner": "libbpf",
        "repo": "veristat",
        "type": "github"
      }
    }
  },
  "root": "root",
  "version": 7
}
